// !$*UTF8*$!
{
	archiveVersion = 1;
	classes = {
	};
	objectVersion = 50;
	objects = {

/* Begin PBXBuildFile section */
		D54D3028264E4B0400478E38 /* AppDelegate.swift in Sources */ = {isa = PBXBuildFile; fileRef = D54D3027264E4B0400478E38 /* AppDelegate.swift */; };
		D54D302A264E4B0400478E38 /* SceneDelegate.swift in Sources */ = {isa = PBXBuildFile; fileRef = D54D3029264E4B0400478E38 /* SceneDelegate.swift */; };
		D54D302C264E4B0400478E38 /* ViewController.swift in Sources */ = {isa = PBXBuildFile; fileRef = D54D302B264E4B0400478E38 /* ViewController.swift */; };
		D54D302F264E4B0400478E38 /* Main.storyboard in Resources */ = {isa = PBXBuildFile; fileRef = D54D302D264E4B0400478E38 /* Main.storyboard */; };
		D54D3031264E4B0500478E38 /* Assets.xcassets in Resources */ = {isa = PBXBuildFile; fileRef = D54D3030264E4B0500478E38 /* Assets.xcassets */; };
		D54D3034264E4B0500478E38 /* LaunchScreen.storyboard in Resources */ = {isa = PBXBuildFile; fileRef = D54D3032264E4B0500478E38 /* LaunchScreen.storyboard */; };
		D54D303E264E4B7900478E38 /* Place.swift in Sources */ = {isa = PBXBuildFile; fileRef = D54D303C264E4B7900478E38 /* Place.swift */; };
		D54D303F264E4B7900478E38 /* Places.plist in Resources */ = {isa = PBXBuildFile; fileRef = D54D303D264E4B7900478E38 /* Places.plist */; };
/* End PBXBuildFile section */

/* Begin PBXFileReference section */
		D54D3024264E4B0400478E38 /* Map_App_demo1.app */ = {isa = PBXFileReference; explicitFileType = wrapper.application; includeInIndex = 0; path = Map_App_demo1.app; sourceTree = BUILT_PRODUCTS_DIR; };
		D54D3027264E4B0400478E38 /* AppDelegate.swift */ = {isa = PBXFileReference; lastKnownFileType = sourcecode.swift; path = AppDelegate.swift; sourceTree = "<group>"; };
		D54D3029264E4B0400478E38 /* SceneDelegate.swift */ = {isa = PBXFileReference; lastKnownFileType = sourcecode.swift; path = SceneDelegate.swift; sourceTree = "<group>"; };
		D54D302B264E4B0400478E38 /* ViewController.swift */ = {isa = PBXFileReference; lastKnownFileType = sourcecode.swift; path = ViewController.swift; sourceTree = "<group>"; };
		D54D302E264E4B0400478E38 /* Base */ = {isa = PBXFileReference; lastKnownFileType = file.storyboard; name = Base; path = Base.lproj/Main.storyboard; sourceTree = "<group>"; };
		D54D3030264E4B0500478E38 /* Assets.xcassets */ = {isa = PBXFileReference; lastKnownFileType = folder.assetcatalog; path = Assets.xcassets; sourceTree = "<group>"; };
		D54D3033264E4B0500478E38 /* Base */ = {isa = PBXFileReference; lastKnownFileType = file.storyboard; name = Base; path = Base.lproj/LaunchScreen.storyboard; sourceTree = "<group>"; };
		D54D3035264E4B0500478E38 /* Info.plist */ = {isa = PBXFileReference; lastKnownFileType = text.plist.xml; path = Info.plist; sourceTree = "<group>"; };
		D54D303C264E4B7900478E38 /* Place.swift */ = {isa = PBXFileReference; fileEncoding = 4; lastKnownFileType = sourcecode.swift; path = Place.swift; sourceTree = "<group>"; };
		D54D303D264E4B7900478E38 /* Places.plist */ = {isa = PBXFileReference; fileEncoding = 4; lastKnownFileType = text.plist.xml; path = Places.plist; sourceTree = "<group>"; };
/* End PBXFileReference section */

/* Begin PBXFrameworksBuildPhase section */
		D54D3021264E4B0400478E38 /* Frameworks */ = {
			isa = PBXFrameworksBuildPhase;
			buildActionMask = 2147483647;
			files = (
			);
			runOnlyForDeploymentPostprocessing = 0;
		};
/* End PBXFrameworksBuildPhase section */

/* Begin PBXGroup section */
		D54D301B264E4B0400478E38 = {
			isa = PBXGroup;
			children = (
				D54D3026264E4B0400478E38 /* Map_App_demo1 */,
				D54D3025264E4B0400478E38 /* Products */,
			);
			sourceTree = "<group>";
		};
		D54D3025264E4B0400478E38 /* Products */ = {
			isa = PBXGroup;
			children = (
				D54D3024264E4B0400478E38 /* Map_App_demo1.app */,
			);
			name = Products;
			sourceTree = "<group>";
		};
		D54D3026264E4B0400478E38 /* Map_App_demo1 */ = {
			isa = PBXGroup;
			children = (
				D54D303C264E4B7900478E38 /* Place.swift */,
				D54D303D264E4B7900478E38 /* Places.plist */,
				D54D3027264E4B0400478E38 /* AppDelegate.swift */,
				D54D3029264E4B0400478E38 /* SceneDelegate.swift */,
				D54D302B264E4B0400478E38 /* ViewController.swift */,
				D54D302D264E4B0400478E38 /* Main.storyboard */,
				D54D3030264E4B0500478E38 /* Assets.xcassets */,
				D54D3032264E4B0500478E38 /* LaunchScreen.storyboard */,
				D54D3035264E4B0500478E38 /* Info.plist */,
			);
			path = Map_App_demo1;
			sourceTree = "<group>";
		};
/* End PBXGroup section */

/* Begin PBXNativeTarget section */
		D54D3023264E4B0400478E38 /* Map_App_demo1 */ = {
			isa = PBXNativeTarget;
			buildConfigurationList = D54D3038264E4B0500478E38 /* Build configuration list for PBXNativeTarget "Map_App_demo1" */;
			buildPhases = (
				D54D3020264E4B0400478E38 /* Sources */,
				D54D3021264E4B0400478E38 /* Frameworks */,
				D54D3022264E4B0400478E38 /* Resources */,
			);
			buildRules = (
			);
			dependencies = (
			);
			name = Map_App_demo1;
			productName = Map_App_demo1;
			productReference = D54D3024264E4B0400478E38 /* Map_App_demo1.app */;
			productType = "com.apple.product-type.application";
		};
/* End PBXNativeTarget section */

/* Begin PBXProject section */
		D54D301C264E4B0400478E38 /* Project object */ = {
			isa = PBXProject;
			attributes = {
				LastSwiftUpdateCheck = 1240;
				LastUpgradeCheck = 1240;
				TargetAttributes = {
					D54D3023264E4B0400478E38 = {
						CreatedOnToolsVersion = 12.4;
					};
				};
			};
			buildConfigurationList = D54D301F264E4B0400478E38 /* Build configuration list for PBXProject "Map_App_demo1" */;
			compatibilityVersion = "Xcode 9.3";
			developmentRegion = en;
			hasScannedForEncodings = 0;
			knownRegions = (
				en,
				Base,
			);
			mainGroup = D54D301B264E4B0400478E38;
			productRefGroup = D54D3025264E4B0400478E38 /* Products */;
			projectDirPath = "";
			projectRoot = "";
			targets = (
				D54D3023264E4B0400478E38 /* Map_App_demo1 */,
			);
		};
/* End PBXProject section */

/* Begin PBXResourcesBuildPhase section */
		D54D3022264E4B0400478E38 /* Resources */ = {
			isa = PBXResourcesBuildPhase;
			buildActionMask = 2147483647;
			files = (
				D54D3034264E4B0500478E38 /* LaunchScreen.storyboard in Resources */,
				D54D3031264E4B0500478E38 /* Assets.xcassets in Resources */,
				D54D303F264E4B7900478E38 /* Places.plist in Resources */,
				D54D302F264E4B0400478E38 /* Main.storyboard in Resources */,
			);
			runOnlyForDeploymentPostprocessing = 0;
		};
/* End PBXResourcesBuildPhase section */

/* Begin PBXSourcesBuildPhase section */
		D54D3020264E4B0400478E38 /* Sources */ = {
			isa = PBXSourcesBuildPhase;
			buildActionMask = 2147483647;
			files = (
				D54D302C264E4B0400478E38 /* ViewController.swift in Sources */,
				D54D3028264E4B0400478E38 /* AppDelegate.swift in Sources */,
				D54D302A264E4B0400478E38 /* SceneDelegate.swift in Sources */,
				D54D303E264E4B7900478E38 /* Place.swift in Sources */,
			);
			runOnlyForDeploymentPostprocessing = 0;
		};
/* End PBXSourcesBuildPhase section */

/* Begin PBXVariantGroup section */
		D54D302D264E4B0400478E38 /* Main.storyboard */ = {
			isa = PBXVariantGroup;
			children = (
				D54D302E264E4B0400478E38 /* Base */,
			);
			name = Main.storyboard;
			sourceTree = "<group>";
		};
		D54D3032264E4B0500478E38 /* LaunchScreen.storyboard */ = {
			isa = PBXVariantGroup;
			children = (
				D54D3033264E4B0500478E38 /* Base */,
			);
			name = LaunchScreen.storyboard;
			sourceTree = "<group>";
		};
/* End PBXVariantGroup section */

/* Begin XCBuildConfiguration section */
		D54D3036264E4B0500478E38 /* Debug */ = {
			isa = XCBuildConfiguration;
			buildSettings = {
				ALWAYS_SEARCH_USER_PATHS = NO;
				CLANG_ANALYZER_NONNULL = YES;
				CLANG_ANALYZER_NUMBER_OBJECT_CONVERSION = YES_AGGRESSIVE;
				CLANG_CXX_LANGUAGE_STANDARD = "gnu++14";
				CLANG_CXX_LIBRARY = "libc++";
				CLANG_ENABLE_MODULES = YES;
				CLANG_ENABLE_OBJC_ARC = YES;
				CLANG_ENABLE_OBJC_WEAK = YES;
				CLANG_WARN_BLOCK_CAPTURE_AUTORELEASING = YES;
				CLANG_WARN_BOOL_CONVERSION = YES;
				CLANG_WARN_COMMA = YES;
				CLANG_WARN_CONSTANT_CONVERSION = YES;
				CLANG_WARN_DEPRECATED_OBJC_IMPLEMENTATIONS = YES;
				CLANG_WARN_DIRECT_OBJC_ISA_USAGE = YES_ERROR;
				CLANG_WARN_DOCUMENTATION_COMMENTS = YES;
				CLANG_WARN_EMPTY_BODY = YES;
				CLANG_WARN_ENUM_CONVERSION = YES;
				CLANG_WARN_INFINITE_RECURSION = YES;
				CLANG_WARN_INT_CONVERSION = YES;
				CLANG_WARN_NON_LITERAL_NULL_CONVERSION = YES;
				CLANG_WARN_OBJC_IMPLICIT_RETAIN_SELF = YES;
				CLANG_WARN_OBJC_LITERAL_CONVERSION = YES;
				CLANG_WARN_OBJC_ROOT_CLASS = YES_ERROR;
				CLANG_WARN_QUOTED_INCLUDE_IN_FRAMEWORK_HEADER = YES;
				CLANG_WARN_RANGE_LOOP_ANALYSIS = YES;
				CLANG_WARN_STRICT_PROTOTYPES = YES;
				CLANG_WARN_SUSPICIOUS_MOVE = YES;
				CLANG_WARN_UNGUARDED_AVAILABILITY = YES_AGGRESSIVE;
				CLANG_WARN_UNREACHABLE_CODE = YES;
				CLANG_WARN__DUPLICATE_METHOD_MATCH = YES;
				COPY_PHASE_STRIP = NO;
				DEBUG_INFORMATION_FORMAT = dwarf;
				ENABLE_STRICT_OBJC_MSGSEND = YES;
				ENABLE_TESTABILITY = YES;
				GCC_C_LANGUAGE_STANDARD = gnu11;
				GCC_DYNAMIC_NO_PIC = NO;
				GCC_NO_COMMON_BLOCKS = YES;
				GCC_OPTIMIZATION_LEVEL = 0;
				GCC_PREPROCESSOR_DEFINITIONS = (
					"DEBUG=1",
					"$(inherited)",
				);
				GCC_WARN_64_TO_32_BIT_CONVERSION = YES;
				GCC_WARN_ABOUT_RETURN_TYPE = YES_ERROR;
				GCC_WARN_UNDECLARED_SELECTOR = YES;
				GCC_WARN_UNINITIALIZED_AUTOS = YES_AGGRESSIVE;
				GCC_WARN_UNUSED_FUNCTION = YES;
				GCC_WARN_UNUSED_VARIABLE = YES;
				IPHONEOS_DEPLOYMENT_TARGET = 14.4;
				MTL_ENABLE_DEBUG_INFO = INCLUDE_SOURCE;
				MTL_FAST_MATH = YES;
				ONLY_ACTIVE_ARCH = YES;
				SDKROOT = iphoneos;
				SWIFT_ACTIVE_COMPILATION_CONDITIONS = DEBUG;
				SWIFT_OPTIMIZATION_LEVEL = "-Onone";
			};
			name = Debug;
		};
		D54D3037264E4B0500478E38 /* Release */ = {
			isa = XCBuildConfiguration;
			buildSettings = {
				ALWAYS_SEARCH_USER_PATHS = NO;
				CLANG_ANALYZER_NONNULL = YES;
				CLANG_ANALYZER_NUMBER_OBJECT_CONVERSION = YES_AGGRESSIVE;
				CLANG_CXX_LANGUAGE_STANDARD = "gnu++14";
				CLANG_CXX_LIBRARY = "libc++";
				CLANG_ENABLE_MODULES = YES;
				CLANG_ENABLE_OBJC_ARC = YES;
				CLANG_ENABLE_OBJC_WEAK = YES;
				CLANG_WARN_BLOCK_CAPTURE_AUTORELEASING = YES;
				CLANG_WARN_BOOL_CONVERSION = YES;
				CLANG_WARN_COMMA = YES;
				CLANG_WARN_CONSTANT_CONVERSION = YES;
				CLANG_WARN_DEPRECATED_OBJC_IMPLEMENTATIONS = YES;
				CLANG_WARN_DIRECT_OBJC_ISA_USAGE = YES_ERROR;
				CLANG_WARN_DOCUMENTATION_COMMENTS = YES;
				CLANG_WARN_EMPTY_BODY = YES;
				CLANG_WARN_ENUM_CONVERSION = YES;
				CLANG_WARN_INFINITE_RECURSION = YES;
				CLANG_WARN_INT_CONVERSION = YES;
				CLANG_WARN_NON_LITERAL_NULL_CONVERSION = YES;
				CLANG_WARN_OBJC_IMPLICIT_RETAIN_SELF = YES;
				CLANG_WARN_OBJC_LITERAL_CONVERSION = YES;
				CLANG_WARN_OBJC_ROOT_CLASS = YES_ERROR;
				CLANG_WARN_QUOTED_INCLUDE_IN_FRAMEWORK_HEADER = YES;
				CLANG_WARN_RANGE_LOOP_ANALYSIS = YES;
				CLANG_WARN_STRICT_PROTOTYPES = YES;
				CLANG_WARN_SUSPICIOUS_MOVE = YES;
				CLANG_WARN_UNGUARDED_AVAILABILITY = YES_AGGRESSIVE;
				CLANG_WARN_UNREACHABLE_CODE = YES;
				CLANG_WARN__DUPLICATE_METHOD_MATCH = YES;
				COPY_PHASE_STRIP = NO;
				DEBUG_INFORMATION_FORMAT = "dwarf-with-dsym";
				ENABLE_NS_ASSERTIONS = NO;
				ENABLE_STRICT_OBJC_MSGSEND = YES;
				GCC_C_LANGUAGE_STANDARD = gnu11;
				GCC_NO_COMMON_BLOCKS = YES;
				GCC_WARN_64_TO_32_BIT_CONVERSION = YES;
				GCC_WARN_ABOUT_RETURN_TYPE = YES_ERROR;
				GCC_WARN_UNDECLARED_SELECTOR = YES;
				GCC_WARN_UNINITIALIZED_AUTOS = YES_AGGRESSIVE;
				GCC_WARN_UNUSED_FUNCTION = YES;
				GCC_WARN_UNUSED_VARIABLE = YES;
				IPHONEOS_DEPLOYMENT_TARGET = 14.4;
				MTL_ENABLE_DEBUG_INFO = NO;
				MTL_FAST_MATH = YES;
				SDKROOT = iphoneos;
				SWIFT_COMPILATION_MODE = wholemodule;
				SWIFT_OPTIMIZATION_LEVEL = "-O";
				VALIDATE_PRODUCT = YES;
			};
			name = Release;
		};
		D54D3039264E4B0500478E38 /* Debug */ = {
			isa = XCBuildConfiguration;
			buildSettings = {
				ASSETCATALOG_COMPILER_APPICON_NAME = AppIcon;
				ASSETCATALOG_COMPILER_GLOBAL_ACCENT_COLOR_NAME = AccentColor;
				CODE_SIGN_STYLE = Automatic;
				INFOPLIST_FILE = Map_App_demo1/Info.plist;
				LD_RUNPATH_SEARCH_PATHS = (
					"$(inherited)",
					"@executable_path/Frameworks",
				);
				PRODUCT_BUNDLE_IDENTIFIER = "account.Map-App-demo1";
				PRODUCT_NAME = "$(TARGET_NAME)";
				SWIFT_VERSION = 5.0;
				TARGETED_DEVICE_FAMILY = "1,2";
			};
			name = Debug;
		};
		D54D303A264E4B0500478E38 /* Release */ = {
			isa = XCBuildConfiguration;
			buildSettings = {
				ASSETCATALOG_COMPILER_APPICON_NAME = AppIcon;
				ASSETCATALOG_COMPILER_GLOBAL_ACCENT_COLOR_NAME = AccentColor;
				CODE_SIGN_STYLE = Automatic;
				INFOPLIST_FILE = Map_App_demo1/Info.plist;
				LD_RUNPATH_SEARCH_PATHS = (
					"$(inherited)",
					"@executable_path/Frameworks",
				);
				PRODUCT_BUNDLE_IDENTIFIER = "account.Map-App-demo1";
				PRODUCT_NAME = "$(TARGET_NAME)";
				SWIFT_VERSION = 5.0;
				TARGETED_DEVICE_FAMILY = "1,2";
			};
			name = Release;
		};
/* End XCBuildConfiguration section */

/* Begin XCConfigurationList section */
		D54D301F264E4B0400478E38 /* Build configuration list for PBXProject "Map_App_demo1" */ = {
			isa = XCConfigurationList;
			buildConfigurations = (
				D54D3036264E4B0500478E38 /* Debug */,
				D54D3037264E4B0500478E38 /* Release */,
			);
			defaultConfigurationIsVisible = 0;
			defaultConfigurationName = Release;
		};
		D54D3038264E4B0500478E38 /* Build configuration list for PBXNativeTarget "Map_App_demo1" */ = {
			isa = XCConfigurationList;
			buildConfigurations = (
				D54D3039264E4B0500478E38 /* Debug */,
				D54D303A264E4B0500478E38 /* Release */,
			);
			defaultConfigurationIsVisible = 0;
			defaultConfigurationName = Release;
		};
/* End XCConfigurationList section */
	};
	rootObject = D54D301C264E4B0400478E38 /* Project object */;
}
